// !$*UTF8*$!
{
	archiveVersion = 1;
	classes = {
	};
	objectVersion = 46;
	objects = {

/* Begin PBXBuildFile section */
		6B3FBB431CDC698600FFE08F /* main.m in Sources */ = {isa = PBXBuildFile; fileRef = 6B3FBB421CDC698600FFE08F /* main.m */; };
		6B3FBB461CDC698600FFE08F /* AppDelegate.m in Sources */ = {isa = PBXBuildFile; fileRef = 6B3FBB451CDC698600FFE08F /* AppDelegate.m */; };
		6B3FBB491CDC698600FFE08F /* ViewController.m in Sources */ = {isa = PBXBuildFile; fileRef = 6B3FBB481CDC698600FFE08F /* ViewController.m */; };
		6B3FBB4C1CDC698600FFE08F /* Main.storyboard in Resources */ = {isa = PBXBuildFile; fileRef = 6B3FBB4A1CDC698600FFE08F /* Main.storyboard */; };
		6B3FBB4E1CDC698600FFE08F /* Assets.xcassets in Resources */ = {isa = PBXBuildFile; fileRef = 6B3FBB4D1CDC698600FFE08F /* Assets.xcassets */; };
		6B3FBB511CDC698600FFE08F /* LaunchScreen.storyboard in Resources */ = {isa = PBXBuildFile; fileRef = 6B3FBB4F1CDC698600FFE08F /* LaunchScreen.storyboard */; };
		6B3FBB5C1CDC6FDA00FFE08F /* HCLRecorderView.m in Sources */ = {isa = PBXBuildFile; fileRef = 6B3FBB5B1CDC6FDA00FFE08F /* HCLRecorderView.m */; };
		6B3FBB5F1CDC700900FFE08F /* HCLRecorderController.m in Sources */ = {isa = PBXBuildFile; fileRef = 6B3FBB5E1CDC700900FFE08F /* HCLRecorderController.m */; };
		6B5378411CE2F5B900725EDF /* AVFoundation.framework in Frameworks */ = {isa = PBXBuildFile; fileRef = 6B3FBB581CDC699100FFE08F /* AVFoundation.framework */; };
/* End PBXBuildFile section */

/* Begin PBXFileReference section */
		6B3FBB3E1CDC698600FFE08F /* recorder.app */ = {isa = PBXFileReference; explicitFileType = wrapper.application; includeInIndex = 0; path = recorder.app; sourceTree = BUILT_PRODUCTS_DIR; };
		6B3FBB421CDC698600FFE08F /* main.m */ = {isa = PBXFileReference; lastKnownFileType = sourcecode.c.objc; path = main.m; sourceTree = "<group>"; };
		6B3FBB441CDC698600FFE08F /* AppDelegate.h */ = {isa = PBXFileReference; lastKnownFileType = sourcecode.c.h; path = AppDelegate.h; sourceTree = "<group>"; };
		6B3FBB451CDC698600FFE08F /* AppDelegate.m */ = {isa = PBXFileReference; lastKnownFileType = sourcecode.c.objc; path = AppDelegate.m; sourceTree = "<group>"; };
		6B3FBB471CDC698600FFE08F /* ViewController.h */ = {isa = PBXFileReference; lastKnownFileType = sourcecode.c.h; path = ViewController.h; sourceTree = "<group>"; };
		6B3FBB481CDC698600FFE08F /* ViewController.m */ = {isa = PBXFileReference; lastKnownFileType = sourcecode.c.objc; path = ViewController.m; sourceTree = "<group>"; };
		6B3FBB4B1CDC698600FFE08F /* Base */ = {isa = PBXFileReference; lastKnownFileType = file.storyboard; name = Base; path = Base.lproj/Main.storyboard; sourceTree = "<group>"; };
		6B3FBB4D1CDC698600FFE08F /* Assets.xcassets */ = {isa = PBXFileReference; lastKnownFileType = folder.assetcatalog; path = Assets.xcassets; sourceTree = "<group>"; };
		6B3FBB501CDC698600FFE08F /* Base */ = {isa = PBXFileReference; lastKnownFileType = file.storyboard; name = Base; path = Base.lproj/LaunchScreen.storyboard; sourceTree = "<group>"; };
		6B3FBB521CDC698600FFE08F /* Info.plist */ = {isa = PBXFileReference; lastKnownFileType = text.plist.xml; path = Info.plist; sourceTree = "<group>"; };
		6B3FBB581CDC699100FFE08F /* AVFoundation.framework */ = {isa = PBXFileReference; lastKnownFileType = wrapper.framework; name = AVFoundation.framework; path = System/Library/Frameworks/AVFoundation.framework; sourceTree = SDKROOT; };
		6B3FBB5A1CDC6FDA00FFE08F /* HCLRecorderView.h */ = {isa = PBXFileReference; fileEncoding = 4; lastKnownFileType = sourcecode.c.h; path = HCLRecorderView.h; sourceTree = "<group>"; };
		6B3FBB5B1CDC6FDA00FFE08F /* HCLRecorderView.m */ = {isa = PBXFileReference; fileEncoding = 4; lastKnownFileType = sourcecode.c.objc; path = HCLRecorderView.m; sourceTree = "<group>"; };
		6B3FBB5D1CDC700900FFE08F /* HCLRecorderController.h */ = {isa = PBXFileReference; fileEncoding = 4; lastKnownFileType = sourcecode.c.h; path = HCLRecorderController.h; sourceTree = "<group>"; };
		6B3FBB5E1CDC700900FFE08F /* HCLRecorderController.m */ = {isa = PBXFileReference; fileEncoding = 4; lastKnownFileType = sourcecode.c.objc; path = HCLRecorderController.m; sourceTree = "<group>"; };
/* End PBXFileReference section */

/* Begin PBXFrameworksBuildPhase section */
		6B3FBB3B1CDC698600FFE08F /* Frameworks */ = {
			isa = PBXFrameworksBuildPhase;
			buildActionMask = 2147483647;
			files = (
				6B5378411CE2F5B900725EDF /* AVFoundation.framework in Frameworks */,
			);
			runOnlyForDeploymentPostprocessing = 0;
		};
/* End PBXFrameworksBuildPhase section */

/* Begin PBXGroup section */
		6B3FBB351CDC698600FFE08F = {
			isa = PBXGroup;
			children = (
				6B3FBB581CDC699100FFE08F /* AVFoundation.framework */,
				6B3FBB401CDC698600FFE08F /* recorder */,
				6B3FBB3F1CDC698600FFE08F /* Products */,
			);
			sourceTree = "<group>";
		};
		6B3FBB3F1CDC698600FFE08F /* Products */ = {
			isa = PBXGroup;
			children = (
				6B3FBB3E1CDC698600FFE08F /* recorder.app */,
			);
			name = Products;
			sourceTree = "<group>";
		};
		6B3FBB401CDC698600FFE08F /* recorder */ = {
			isa = PBXGroup;
			children = (
				6B3FBB441CDC698600FFE08F /* AppDelegate.h */,
				6B3FBB451CDC698600FFE08F /* AppDelegate.m */,
				6B3FBB5D1CDC700900FFE08F /* HCLRecorderController.h */,
				6B3FBB5E1CDC700900FFE08F /* HCLRecorderController.m */,
				6B3FBB5A1CDC6FDA00FFE08F /* HCLRecorderView.h */,
				6B3FBB5B1CDC6FDA00FFE08F /* HCLRecorderView.m */,
				6B3FBB471CDC698600FFE08F /* ViewController.h */,
				6B3FBB481CDC698600FFE08F /* ViewController.m */,
				6B3FBB4A1CDC698600FFE08F /* Main.storyboard */,
				6B3FBB4D1CDC698600FFE08F /* Assets.xcassets */,
				6B3FBB4F1CDC698600FFE08F /* LaunchScreen.storyboard */,
				6B3FBB521CDC698600FFE08F /* Info.plist */,
				6B3FBB411CDC698600FFE08F /* Supporting Files */,
			);
			path = recorder;
			sourceTree = "<group>";
		};
		6B3FBB411CDC698600FFE08F /* Supporting Files */ = {
			isa = PBXGroup;
			children = (
				6B3FBB421CDC698600FFE08F /* main.m */,
			);
			name = "Supporting Files";
			sourceTree = "<group>";
		};
/* End PBXGroup section */

/* Begin PBXNativeTarget section */
		6B3FBB3D1CDC698600FFE08F /* recorder */ = {
			isa = PBXNativeTarget;
			buildConfigurationList = 6B3FBB551CDC698600FFE08F /* Build configuration list for PBXNativeTarget "recorder" */;
			buildPhases = (
				6B3FBB3A1CDC698600FFE08F /* Sources */,
				6B3FBB3B1CDC698600FFE08F /* Frameworks */,
				6B3FBB3C1CDC698600FFE08F /* Resources */,
			);
			buildRules = (
			);
			dependencies = (
			);
			name = recorder;
			productName = recorder;
			productReference = 6B3FBB3E1CDC698600FFE08F /* recorder.app */;
			productType = "com.apple.product-type.application";
		};
/* End PBXNativeTarget section */

/* Begin PBXProject section */
		6B3FBB361CDC698600FFE08F /* Project object */ = {
			isa = PBXProject;
			attributes = {
				LastUpgradeCheck = 0730;
				ORGANIZATIONNAME = hclong;
				TargetAttributes = {
					6B3FBB3D1CDC698600FFE08F = {
						CreatedOnToolsVersion = 7.3.1;
						DevelopmentTeam = K68XMLUNM4;
					};
				};
			};
			buildConfigurationList = 6B3FBB391CDC698600FFE08F /* Build configuration list for PBXProject "recorder" */;
			compatibilityVersion = "Xcode 3.2";
			developmentRegion = English;
			hasScannedForEncodings = 0;
			knownRegions = (
				en,
				Base,
			);
			mainGroup = 6B3FBB351CDC698600FFE08F;
			productRefGroup = 6B3FBB3F1CDC698600FFE08F /* Products */;
			projectDirPath = "";
			projectRoot = "";
			targets = (
				6B3FBB3D1CDC698600FFE08F /* recorder */,
			);
		};
/* End PBXProject section */

/* Begin PBXResourcesBuildPhase section */
		6B3FBB3C1CDC698600FFE08F /* Resources */ = {
			isa = PBXResourcesBuildPhase;
			buildActionMask = 2147483647;
			files = (
				6B3FBB511CDC698600FFE08F /* LaunchScreen.storyboard in Resources */,
				6B3FBB4E1CDC698600FFE08F /* Assets.xcassets in Resources */,
				6B3FBB4C1CDC698600FFE08F /* Main.storyboard in Resources */,
			);
			runOnlyForDeploymentPostprocessing = 0;
		};
/* End PBXResourcesBuildPhase section */

/* Begin PBXSourcesBuildPhase section */
		6B3FBB3A1CDC698600FFE08F /* Sources */ = {
			isa = PBXSourcesBuildPhase;
			buildActionMask = 2147483647;
			files = (
				6B3FBB5C1CDC6FDA00FFE08F /* HCLRecorderView.m in Sources */,
				6B3FBB491CDC698600FFE08F /* ViewController.m in Sources */,
				6B3FBB461CDC698600FFE08F /* AppDelegate.m in Sources */,
				6B3FBB5F1CDC700900FFE08F /* HCLRecorderController.m in Sources */,
				6B3FBB431CDC698600FFE08F /* main.m in Sources */,
			);
			runOnlyForDeploymentPostprocessing = 0;
		};
/* End PBXSourcesBuildPhase section */

/* Begin PBXVariantGroup section */
		6B3FBB4A1CDC698600FFE08F /* Main.storyboard */ = {
			isa = PBXVariantGroup;
			children = (
				6B3FBB4B1CDC698600FFE08F /* Base */,
			);
			name = Main.storyboard;
			sourceTree = "<group>";
		};
		6B3FBB4F1CDC698600FFE08F /* LaunchScreen.storyboard */ = {
			isa = PBXVariantGroup;
			children = (
				6B3FBB501CDC698600FFE08F /* Base */,
			);
			name = LaunchScreen.storyboard;
			sourceTree = "<group>";
		};
/* End PBXVariantGroup section */

/* Begin XCBuildConfiguration section */
		6B3FBB531CDC698600FFE08F /* Debug */ = {
			isa = XCBuildConfiguration;
			buildSettings = {
				ALWAYS_SEARCH_USER_PATHS = NO;
				CLANG_ANALYZER_NONNULL = YES;
				CLANG_CXX_LANGUAGE_STANDARD = "gnu++0x";
				CLANG_CXX_LIBRARY = "libc++";
				CLANG_ENABLE_MODULES = YES;
				CLANG_ENABLE_OBJC_ARC = YES;
				CLANG_WARN_BOOL_CONVERSION = YES;
				CLANG_WARN_CONSTANT_CONVERSION = YES;
				CLANG_WARN_DIRECT_OBJC_ISA_USAGE = YES_ERROR;
				CLANG_WARN_EMPTY_BODY = YES;
				CLANG_WARN_ENUM_CONVERSION = YES;
				CLANG_WARN_INT_CONVERSION = YES;
				CLANG_WARN_OBJC_ROOT_CLASS = YES_ERROR;
				CLANG_WARN_UNREACHABLE_CODE = YES;
				CLANG_WARN__DUPLICATE_METHOD_MATCH = YES;
				CODE_SIGN_IDENTITY = "iPhone Distribution: Changchun Shuji technology co., LTD (WTD87DFD7Z)";
				"CODE_SIGN_IDENTITY[sdk=iphoneos*]" = "iPhone Developer: 1030110207@qq.com (5LWSL6R3LS)";
				COPY_PHASE_STRIP = NO;
				DEBUG_INFORMATION_FORMAT = dwarf;
				ENABLE_STRICT_OBJC_MSGSEND = YES;
				ENABLE_TESTABILITY = YES;
				GCC_C_LANGUAGE_STANDARD = gnu99;
				GCC_DYNAMIC_NO_PIC = NO;
				GCC_NO_COMMON_BLOCKS = YES;
				GCC_OPTIMIZATION_LEVEL = 0;
				GCC_PREPROCESSOR_DEFINITIONS = (
					"DEBUG=1",
					"$(inherited)",
				);
				GCC_WARN_64_TO_32_BIT_CONVERSION = YES;
				GCC_WARN_ABOUT_RETURN_TYPE = YES_ERROR;
				GCC_WARN_UNDECLARED_SELECTOR = YES;
				GCC_WARN_UNINITIALIZED_AUTOS = YES_AGGRESSIVE;
				GCC_WARN_UNUSED_FUNCTION = YES;
				GCC_WARN_UNUSED_VARIABLE = YES;
				IPHONEOS_DEPLOYMENT_TARGET = 9.3;
				MTL_ENABLE_DEBUG_INFO = YES;
				ONLY_ACTIVE_ARCH = YES;
				PROVISIONING_PROFILE = "";
				SDKROOT = iphoneos;
			};
			name = Debug;
		};
		6B3FBB541CDC698600FFE08F /* Release */ = {
			isa = XCBuildConfiguration;
			buildSettings = {
				ALWAYS_SEARCH_USER_PATHS = NO;
				CLANG_ANALYZER_NONNULL = YES;
				CLANG_CXX_LANGUAGE_STANDARD = "gnu++0x";
				CLANG_CXX_LIBRARY = "libc++";
				CLANG_ENABLE_MODULES = YES;
				CLANG_ENABLE_OBJC_ARC = YES;
				CLANG_WARN_BOOL_CONVERSION = YES;
				CLANG_WARN_CONSTANT_CONVERSION = YES;
				CLANG_WARN_DIRECT_OBJC_ISA_USAGE = YES_ERROR;
				CLANG_WARN_EMPTY_BODY = YES;
				CLANG_WARN_ENUM_CONVERSION = YES;
				CLANG_WARN_INT_CONVERSION = YES;
				CLANG_WARN_OBJC_ROOT_CLASS = YES_ERROR;
				CLANG_WARN_UNREACHABLE_CODE = YES;
				CLANG_WARN__DUPLICATE_METHOD_MATCH = YES;
				CODE_SIGN_IDENTITY = "iPhone Distribution: Changchun Shuji technology co., LTD (WTD87DFD7Z)";
				"CODE_SIGN_IDENTITY[sdk=iphoneos*]" = "iPhone Developer: 1030110207@qq.com (5LWSL6R3LS)";
				COPY_PHASE_STRIP = NO;
				DEBUG_INFORMATION_FORMAT = "dwarf-with-dsym";
				ENABLE_NS_ASSERTIONS = NO;
				ENABLE_STRICT_OBJC_MSGSEND = YES;
				GCC_C_LANGUAGE_STANDARD = gnu99;
				GCC_NO_COMMON_BLOCKS = YES;
				GCC_WARN_64_TO_32_BIT_CONVERSION = YES;
				GCC_WARN_ABOUT_RETURN_TYPE = YES_ERROR;
				GCC_WARN_UNDECLARED_SELECTOR = YES;
				GCC_WARN_UNINITIALIZED_AUTOS = YES_AGGRESSIVE;
				GCC_WARN_UNUSED_FUNCTION = YES;
				GCC_WARN_UNUSED_VARIABLE = YES;
				IPHONEOS_DEPLOYMENT_TARGET = 9.3;
				MTL_ENABLE_DEBUG_INFO = NO;
				PROVISIONING_PROFILE = "";
				SDKROOT = iphoneos;
				VALIDATE_PRODUCT = YES;
			};
			name = Release;
		};
		6B3FBB561CDC698600FFE08F /* Debug */ = {
			isa = XCBuildConfiguration;
			buildSettings = {
				ASSETCATALOG_COMPILER_APPICON_NAME = AppIcon;
				CODE_SIGN_IDENTITY = "iPhone Developer";
				"CODE_SIGN_IDENTITY[sdk=iphoneos*]" = "iPhone Developer";
				INFOPLIST_FILE = recorder/Info.plist;
				LD_RUNPATH_SEARCH_PATHS = "$(inherited) @executable_path/Frameworks";
				PRODUCT_BUNDLE_IDENTIFIER = com.info.recorder;
				PRODUCT_NAME = "$(TARGET_NAME)";
				PROVISIONING_PROFILE = "";
			};
			name = Debug;
		};
		6B3FBB571CDC698600FFE08F /* Release */ = {
			isa = XCBuildConfiguration;
			buildSettings = {
				ASSETCATALOG_COMPILER_APPICON_NAME = AppIcon;
				CODE_SIGN_IDENTITY = "iPhone Developer";
				"CODE_SIGN_IDENTITY[sdk=iphoneos*]" = "iPhone Developer";
				INFOPLIST_FILE = recorder/Info.plist;
				LD_RUNPATH_SEARCH_PATHS = "$(inherited) @executable_path/Frameworks";
				PRODUCT_BUNDLE_IDENTIFIER = com.info.recorder;
				PRODUCT_NAME = "$(TARGET_NAME)";
				PROVISIONING_PROFILE = "";
			};
			name = Release;
		};
/* End XCBuildConfiguration section */

/* Begin XCConfigurationList section */
		6B3FBB391CDC698600FFE08F /* Build configuration list for PBXProject "recorder" */ = {
			isa = XCConfigurationList;
			buildConfigurations = (
				6B3FBB531CDC698600FFE08F /* Debug */,
				6B3FBB541CDC698600FFE08F /* Release */,
			);
			defaultConfigurationIsVisible = 0;
			defaultConfigurationName = Release;
		};
		6B3FBB551CDC698600FFE08F /* Build configuration list for PBXNativeTarget "recorder" */ = {
			isa = XCConfigurationList;
			buildConfigurations = (
				6B3FBB561CDC698600FFE08F /* Debug */,
				6B3FBB571CDC698600FFE08F /* Release */,
			);
			defaultConfigurationIsVisible = 0;
			defaultConfigurationName = Release;
		};
/* End XCConfigurationList section */
	};
	rootObject = 6B3FBB361CDC698600FFE08F /* Project object */;
}
